{
  "name": "photobooth",
  "lockfileVersion": 2,
  "requires": true,
  "packages": {
    "": {
      "dependencies": {
        "uglify-js": "^3.17.1",
        "uglifycss": "^0.0.29"
      }
    },
    "node_modules/uglify-js": {
      "version": "3.17.1",
      "resolved": "https://registry.npmjs.org/uglify-js/-/uglify-js-3.17.1.tgz",
      "integrity": "sha512-+juFBsLLw7AqMaqJ0GFvlsGZwdQfI2ooKQB39PSBgMnMakcFosi9O8jCwE+2/2nMNcc0z63r9mwjoDG8zr+q0Q==",
      "bin": {
        "uglifyjs": "bin/uglifyjs"
      },
      "engines": {
        "node": ">=0.8.0"
      }
    },
    "node_modules/uglifycss": {
      "version": "0.0.29",
      "resolved": "https://registry.npmjs.org/uglifycss/-/uglifycss-0.0.29.tgz",
      "integrity": "sha512-J2SQ2QLjiknNGbNdScaNZsXgmMGI0kYNrXaDlr4obnPW9ni1jljb1NeEVWAiTgZ8z+EBWP2ozfT9vpy03rjlMQ==",
      "bin": {
        "uglifycss": "uglifycss"
      },
      "engines": {
        "node": ">=6.4.0"
      }
    }
  },
  "dependencies": {
    "uglify-js": {
      "version": "3.17.1",
      "resolved": "https://registry.npmjs.org/uglify-js/-/uglify-js-3.17.1.tgz",
      "integrity": "sha512-+juFBsLLw7AqMaqJ0GFvlsGZwdQfI2ooKQB39PSBgMnMakcFosi9O8jCwE+2/2nMNcc0z63r9mwjoDG8zr+q0Q=="
    },
    "uglifycss": {
      "version": "0.0.29",
      "resolved": "https://registry.npmjs.org/uglifycss/-/uglifycss-0.0.29.tgz",
      "integrity": "sha512-J2SQ2QLjiknNGbNdScaNZsXgmMGI0kYNrXaDlr4obnPW9ni1jljb1NeEVWAiTgZ8z+EBWP2ozfT9vpy03rjlMQ=="
    }
  }
}
